// !$*UTF8*$!
{
	archiveVersion = 1;
	classes = {
	};
	objectVersion = 55;
	objects = {

/* Begin PBXBuildFile section */
		21430307292F009E000E74D0 /* AppDelegate.swift in Sources */ = {isa = PBXBuildFile; fileRef = 21430306292F009E000E74D0 /* AppDelegate.swift */; };
		21430309292F009E000E74D0 /* SceneDelegate.swift in Sources */ = {isa = PBXBuildFile; fileRef = 21430308292F009E000E74D0 /* SceneDelegate.swift */; };
		2143030B292F009E000E74D0 /* ViewController.swift in Sources */ = {isa = PBXBuildFile; fileRef = 2143030A292F009E000E74D0 /* ViewController.swift */; };
		2143030E292F009E000E74D0 /* Main.storyboard in Resources */ = {isa = PBXBuildFile; fileRef = 2143030C292F009E000E74D0 /* Main.storyboard */; };
		21430310292F009E000E74D0 /* Assets.xcassets in Resources */ = {isa = PBXBuildFile; fileRef = 2143030F292F009E000E74D0 /* Assets.xcassets */; };
		21430313292F009E000E74D0 /* LaunchScreen.storyboard in Resources */ = {isa = PBXBuildFile; fileRef = 21430311292F009E000E74D0 /* LaunchScreen.storyboard */; };
		2143031E292F009F000E74D0 /* AssignmentFiveTests.swift in Sources */ = {isa = PBXBuildFile; fileRef = 2143031D292F009F000E74D0 /* AssignmentFiveTests.swift */; };
		21430328292F009F000E74D0 /* AssignmentFiveUITests.swift in Sources */ = {isa = PBXBuildFile; fileRef = 21430327292F009F000E74D0 /* AssignmentFiveUITests.swift */; };
		2143032A292F009F000E74D0 /* AssignmentFiveUITestsLaunchTests.swift in Sources */ = {isa = PBXBuildFile; fileRef = 21430329292F009F000E74D0 /* AssignmentFiveUITestsLaunchTests.swift */; };
/* End PBXBuildFile section */

/* Begin PBXContainerItemProxy section */
		2143031A292F009F000E74D0 /* PBXContainerItemProxy */ = {
			isa = PBXContainerItemProxy;
			containerPortal = 214302FB292F009E000E74D0 /* Project object */;
			proxyType = 1;
			remoteGlobalIDString = 21430302292F009E000E74D0;
			remoteInfo = AssignmentFive;
		};
		21430324292F009F000E74D0 /* PBXContainerItemProxy */ = {
			isa = PBXContainerItemProxy;
			containerPortal = 214302FB292F009E000E74D0 /* Project object */;
			proxyType = 1;
			remoteGlobalIDString = 21430302292F009E000E74D0;
			remoteInfo = AssignmentFive;
		};
/* End PBXContainerItemProxy section */

/* Begin PBXFileReference section */
		21430303292F009E000E74D0 /* AssignmentFive.app */ = {isa = PBXFileReference; explicitFileType = wrapper.application; includeInIndex = 0; path = AssignmentFive.app; sourceTree = BUILT_PRODUCTS_DIR; };
		21430306292F009E000E74D0 /* AppDelegate.swift */ = {isa = PBXFileReference; lastKnownFileType = sourcecode.swift; path = AppDelegate.swift; sourceTree = "<group>"; };
		21430308292F009E000E74D0 /* SceneDelegate.swift */ = {isa = PBXFileReference; lastKnownFileType = sourcecode.swift; path = SceneDelegate.swift; sourceTree = "<group>"; };
		2143030A292F009E000E74D0 /* ViewController.swift */ = {isa = PBXFileReference; lastKnownFileType = sourcecode.swift; path = ViewController.swift; sourceTree = "<group>"; };
		2143030D292F009E000E74D0 /* Base */ = {isa = PBXFileReference; lastKnownFileType = file.storyboard; name = Base; path = Base.lproj/Main.storyboard; sourceTree = "<group>"; };
		2143030F292F009E000E74D0 /* Assets.xcassets */ = {isa = PBXFileReference; lastKnownFileType = folder.assetcatalog; path = Assets.xcassets; sourceTree = "<group>"; };
		21430312292F009E000E74D0 /* Base */ = {isa = PBXFileReference; lastKnownFileType = file.storyboard; name = Base; path = Base.lproj/LaunchScreen.storyboard; sourceTree = "<group>"; };
		21430314292F009E000E74D0 /* Info.plist */ = {isa = PBXFileReference; lastKnownFileType = text.plist.xml; path = Info.plist; sourceTree = "<group>"; };
		21430319292F009F000E74D0 /* AssignmentFiveTests.xctest */ = {isa = PBXFileReference; explicitFileType = wrapper.cfbundle; includeInIndex = 0; path = AssignmentFiveTests.xctest; sourceTree = BUILT_PRODUCTS_DIR; };
		2143031D292F009F000E74D0 /* AssignmentFiveTests.swift */ = {isa = PBXFileReference; lastKnownFileType = sourcecode.swift; path = AssignmentFiveTests.swift; sourceTree = "<group>"; };
		21430323292F009F000E74D0 /* AssignmentFiveUITests.xctest */ = {isa = PBXFileReference; explicitFileType = wrapper.cfbundle; includeInIndex = 0; path = AssignmentFiveUITests.xctest; sourceTree = BUILT_PRODUCTS_DIR; };
		21430327292F009F000E74D0 /* AssignmentFiveUITests.swift */ = {isa = PBXFileReference; lastKnownFileType = sourcecode.swift; path = AssignmentFiveUITests.swift; sourceTree = "<group>"; };
		21430329292F009F000E74D0 /* AssignmentFiveUITestsLaunchTests.swift */ = {isa = PBXFileReference; lastKnownFileType = sourcecode.swift; path = AssignmentFiveUITestsLaunchTests.swift; sourceTree = "<group>"; };
/* End PBXFileReference section */

/* Begin PBXFrameworksBuildPhase section */
		21430300292F009E000E74D0 /* Frameworks */ = {
			isa = PBXFrameworksBuildPhase;
			buildActionMask = 2147483647;
			files = (
			);
			runOnlyForDeploymentPostprocessing = 0;
		};
		21430316292F009F000E74D0 /* Frameworks */ = {
			isa = PBXFrameworksBuildPhase;
			buildActionMask = 2147483647;
			files = (
			);
			runOnlyForDeploymentPostprocessing = 0;
		};
		21430320292F009F000E74D0 /* Frameworks */ = {
			isa = PBXFrameworksBuildPhase;
			buildActionMask = 2147483647;
			files = (
			);
			runOnlyForDeploymentPostprocessing = 0;
		};
/* End PBXFrameworksBuildPhase section */

/* Begin PBXGroup section */
		214302FA292F009E000E74D0 = {
			isa = PBXGroup;
			children = (
				21430305292F009E000E74D0 /* AssignmentFive */,
				2143031C292F009F000E74D0 /* AssignmentFiveTests */,
				21430326292F009F000E74D0 /* AssignmentFiveUITests */,
				21430304292F009E000E74D0 /* Products */,
			);
			sourceTree = "<group>";
		};
		21430304292F009E000E74D0 /* Products */ = {
			isa = PBXGroup;
			children = (
				21430303292F009E000E74D0 /* AssignmentFive.app */,
				21430319292F009F000E74D0 /* AssignmentFiveTests.xctest */,
				21430323292F009F000E74D0 /* AssignmentFiveUITests.xctest */,
			);
			name = Products;
			sourceTree = "<group>";
		};
		21430305292F009E000E74D0 /* AssignmentFive */ = {
			isa = PBXGroup;
			children = (
				21430306292F009E000E74D0 /* AppDelegate.swift */,
				21430308292F009E000E74D0 /* SceneDelegate.swift */,
				2143030A292F009E000E74D0 /* ViewController.swift */,
				2143030C292F009E000E74D0 /* Main.storyboard */,
				2143030F292F009E000E74D0 /* Assets.xcassets */,
				21430311292F009E000E74D0 /* LaunchScreen.storyboard */,
				21430314292F009E000E74D0 /* Info.plist */,
			);
			path = AssignmentFive;
			sourceTree = "<group>";
		};
		2143031C292F009F000E74D0 /* AssignmentFiveTests */ = {
			isa = PBXGroup;
			children = (
				2143031D292F009F000E74D0 /* AssignmentFiveTests.swift */,
			);
			path = AssignmentFiveTests;
			sourceTree = "<group>";
		};
		21430326292F009F000E74D0 /* AssignmentFiveUITests */ = {
			isa = PBXGroup;
			children = (
				21430327292F009F000E74D0 /* AssignmentFiveUITests.swift */,
				21430329292F009F000E74D0 /* AssignmentFiveUITestsLaunchTests.swift */,
			);
			path = AssignmentFiveUITests;
			sourceTree = "<group>";
		};
/* End PBXGroup section */

/* Begin PBXNativeTarget section */
		21430302292F009E000E74D0 /* AssignmentFive */ = {
			isa = PBXNativeTarget;
			buildConfigurationList = 2143032D292F009F000E74D0 /* Build configuration list for PBXNativeTarget "AssignmentFive" */;
			buildPhases = (
				214302FF292F009E000E74D0 /* Sources */,
				21430300292F009E000E74D0 /* Frameworks */,
				21430301292F009E000E74D0 /* Resources */,
			);
			buildRules = (
			);
			dependencies = (
			);
			name = AssignmentFive;
			productName = AssignmentFive;
			productReference = 21430303292F009E000E74D0 /* AssignmentFive.app */;
			productType = "com.apple.product-type.application";
		};
		21430318292F009F000E74D0 /* AssignmentFiveTests */ = {
			isa = PBXNativeTarget;
			buildConfigurationList = 21430330292F009F000E74D0 /* Build configuration list for PBXNativeTarget "AssignmentFiveTests" */;
			buildPhases = (
				21430315292F009F000E74D0 /* Sources */,
				21430316292F009F000E74D0 /* Frameworks */,
				21430317292F009F000E74D0 /* Resources */,
			);
			buildRules = (
			);
			dependencies = (
				2143031B292F009F000E74D0 /* PBXTargetDependency */,
			);
			name = AssignmentFiveTests;
			productName = AssignmentFiveTests;
			productReference = 21430319292F009F000E74D0 /* AssignmentFiveTests.xctest */;
			productType = "com.apple.product-type.bundle.unit-test";
		};
		21430322292F009F000E74D0 /* AssignmentFiveUITests */ = {
			isa = PBXNativeTarget;
			buildConfigurationList = 21430333292F009F000E74D0 /* Build configuration list for PBXNativeTarget "AssignmentFiveUITests" */;
			buildPhases = (
				2143031F292F009F000E74D0 /* Sources */,
				21430320292F009F000E74D0 /* Frameworks */,
				21430321292F009F000E74D0 /* Resources */,
			);
			buildRules = (
			);
			dependencies = (
				21430325292F009F000E74D0 /* PBXTargetDependency */,
			);
			name = AssignmentFiveUITests;
			productName = AssignmentFiveUITests;
			productReference = 21430323292F009F000E74D0 /* AssignmentFiveUITests.xctest */;
			productType = "com.apple.product-type.bundle.ui-testing";
		};
/* End PBXNativeTarget section */

/* Begin PBXProject section */
		214302FB292F009E000E74D0 /* Project object */ = {
			isa = PBXProject;
			attributes = {
				BuildIndependentTargetsInParallel = 1;
				LastSwiftUpdateCheck = 1340;
				LastUpgradeCheck = 1340;
				TargetAttributes = {
					21430302292F009E000E74D0 = {
						CreatedOnToolsVersion = 13.4.1;
					};
					21430318292F009F000E74D0 = {
						CreatedOnToolsVersion = 13.4.1;
						TestTargetID = 21430302292F009E000E74D0;
					};
					21430322292F009F000E74D0 = {
						CreatedOnToolsVersion = 13.4.1;
						TestTargetID = 21430302292F009E000E74D0;
					};
				};
			};
			buildConfigurationList = 214302FE292F009E000E74D0 /* Build configuration list for PBXProject "AssignmentFive" */;
			compatibilityVersion = "Xcode 13.0";
			developmentRegion = en;
			hasScannedForEncodings = 0;
			knownRegions = (
				en,
				Base,
			);
			mainGroup = 214302FA292F009E000E74D0;
			productRefGroup = 21430304292F009E000E74D0 /* Products */;
			projectDirPath = "";
			projectRoot = "";
			targets = (
				21430302292F009E000E74D0 /* AssignmentFive */,
				21430318292F009F000E74D0 /* AssignmentFiveTests */,
				21430322292F009F000E74D0 /* AssignmentFiveUITests */,
			);
		};
/* End PBXProject section */

/* Begin PBXResourcesBuildPhase section */
		21430301292F009E000E74D0 /* Resources */ = {
			isa = PBXResourcesBuildPhase;
			buildActionMask = 2147483647;
			files = (
				21430313292F009E000E74D0 /* LaunchScreen.storyboard in Resources */,
				21430310292F009E000E74D0 /* Assets.xcassets in Resources */,
				2143030E292F009E000E74D0 /* Main.storyboard in Resources */,
			);
			runOnlyForDeploymentPostprocessing = 0;
		};
		21430317292F009F000E74D0 /* Resources */ = {
			isa = PBXResourcesBuildPhase;
			buildActionMask = 2147483647;
			files = (
			);
			runOnlyForDeploymentPostprocessing = 0;
		};
		21430321292F009F000E74D0 /* Resources */ = {
			isa = PBXResourcesBuildPhase;
			buildActionMask = 2147483647;
			files = (
			);
			runOnlyForDeploymentPostprocessing = 0;
		};
/* End PBXResourcesBuildPhase section */

/* Begin PBXSourcesBuildPhase section */
		214302FF292F009E000E74D0 /* Sources */ = {
			isa = PBXSourcesBuildPhase;
			buildActionMask = 2147483647;
			files = (
				2143030B292F009E000E74D0 /* ViewController.swift in Sources */,
				21430307292F009E000E74D0 /* AppDelegate.swift in Sources */,
				21430309292F009E000E74D0 /* SceneDelegate.swift in Sources */,
			);
			runOnlyForDeploymentPostprocessing = 0;
		};
		21430315292F009F000E74D0 /* Sources */ = {
			isa = PBXSourcesBuildPhase;
			buildActionMask = 2147483647;
			files = (
				2143031E292F009F000E74D0 /* AssignmentFiveTests.swift in Sources */,
			);
			runOnlyForDeploymentPostprocessing = 0;
		};
		2143031F292F009F000E74D0 /* Sources */ = {
			isa = PBXSourcesBuildPhase;
			buildActionMask = 2147483647;
			files = (
				21430328292F009F000E74D0 /* AssignmentFiveUITests.swift in Sources */,
				2143032A292F009F000E74D0 /* AssignmentFiveUITestsLaunchTests.swift in Sources */,
			);
			runOnlyForDeploymentPostprocessing = 0;
		};
/* End PBXSourcesBuildPhase section */

/* Begin PBXTargetDependency section */
		2143031B292F009F000E74D0 /* PBXTargetDependency */ = {
			isa = PBXTargetDependency;
			target = 21430302292F009E000E74D0 /* AssignmentFive */;
			targetProxy = 2143031A292F009F000E74D0 /* PBXContainerItemProxy */;
		};
		21430325292F009F000E74D0 /* PBXTargetDependency */ = {
			isa = PBXTargetDependency;
			target = 21430302292F009E000E74D0 /* AssignmentFive */;
			targetProxy = 21430324292F009F000E74D0 /* PBXContainerItemProxy */;
		};
/* End PBXTargetDependency section */

/* Begin PBXVariantGroup section */
		2143030C292F009E000E74D0 /* Main.storyboard */ = {
			isa = PBXVariantGroup;
			children = (
				2143030D292F009E000E74D0 /* Base */,
			);
			name = Main.storyboard;
			sourceTree = "<group>";
		};
		21430311292F009E000E74D0 /* LaunchScreen.storyboard */ = {
			isa = PBXVariantGroup;
			children = (
				21430312292F009E000E74D0 /* Base */,
			);
			name = LaunchScreen.storyboard;
			sourceTree = "<group>";
		};
/* End PBXVariantGroup section */

/* Begin XCBuildConfiguration section */
		2143032B292F009F000E74D0 /* Debug */ = {
			isa = XCBuildConfiguration;
			buildSettings = {
				ALWAYS_SEARCH_USER_PATHS = NO;
				CLANG_ANALYZER_NONNULL = YES;
				CLANG_ANALYZER_NUMBER_OBJECT_CONVERSION = YES_AGGRESSIVE;
				CLANG_CXX_LANGUAGE_STANDARD = "gnu++17";
				CLANG_ENABLE_MODULES = YES;
				CLANG_ENABLE_OBJC_ARC = YES;
				CLANG_ENABLE_OBJC_WEAK = YES;
				CLANG_WARN_BLOCK_CAPTURE_AUTORELEASING = YES;
				CLANG_WARN_BOOL_CONVERSION = YES;
				CLANG_WARN_COMMA = YES;
				CLANG_WARN_CONSTANT_CONVERSION = YES;
				CLANG_WARN_DEPRECATED_OBJC_IMPLEMENTATIONS = YES;
				CLANG_WARN_DIRECT_OBJC_ISA_USAGE = YES_ERROR;
				CLANG_WARN_DOCUMENTATION_COMMENTS = YES;
				CLANG_WARN_EMPTY_BODY = YES;
				CLANG_WARN_ENUM_CONVERSION = YES;
				CLANG_WARN_INFINITE_RECURSION = YES;
				CLANG_WARN_INT_CONVERSION = YES;
				CLANG_WARN_NON_LITERAL_NULL_CONVERSION = YES;
				CLANG_WARN_OBJC_IMPLICIT_RETAIN_SELF = YES;
				CLANG_WARN_OBJC_LITERAL_CONVERSION = YES;
				CLANG_WARN_OBJC_ROOT_CLASS = YES_ERROR;
				CLANG_WARN_QUOTED_INCLUDE_IN_FRAMEWORK_HEADER = YES;
				CLANG_WARN_RANGE_LOOP_ANALYSIS = YES;
				CLANG_WARN_STRICT_PROTOTYPES = YES;
				CLANG_WARN_SUSPICIOUS_MOVE = YES;
				CLANG_WARN_UNGUARDED_AVAILABILITY = YES_AGGRESSIVE;
				CLANG_WARN_UNREACHABLE_CODE = YES;
				CLANG_WARN__DUPLICATE_METHOD_MATCH = YES;
				COPY_PHASE_STRIP = NO;
				DEBUG_INFORMATION_FORMAT = dwarf;
				ENABLE_STRICT_OBJC_MSGSEND = YES;
				ENABLE_TESTABILITY = YES;
				GCC_C_LANGUAGE_STANDARD = gnu11;
				GCC_DYNAMIC_NO_PIC = NO;
				GCC_NO_COMMON_BLOCKS = YES;
				GCC_OPTIMIZATION_LEVEL = 0;
				GCC_PREPROCESSOR_DEFINITIONS = (
					"DEBUG=1",
					"$(inherited)",
				);
				GCC_WARN_64_TO_32_BIT_CONVERSION = YES;
				GCC_WARN_ABOUT_RETURN_TYPE = YES_ERROR;
				GCC_WARN_UNDECLARED_SELECTOR = YES;
				GCC_WARN_UNINITIALIZED_AUTOS = YES_AGGRESSIVE;
				GCC_WARN_UNUSED_FUNCTION = YES;
				GCC_WARN_UNUSED_VARIABLE = YES;
				IPHONEOS_DEPLOYMENT_TARGET = 15.5;
				MTL_ENABLE_DEBUG_INFO = INCLUDE_SOURCE;
				MTL_FAST_MATH = YES;
				ONLY_ACTIVE_ARCH = YES;
				SDKROOT = iphoneos;
				SWIFT_ACTIVE_COMPILATION_CONDITIONS = DEBUG;
				SWIFT_OPTIMIZATION_LEVEL = "-Onone";
			};
			name = Debug;
		};
		2143032C292F009F000E74D0 /* Release */ = {
			isa = XCBuildConfiguration;
			buildSettings = {
				ALWAYS_SEARCH_USER_PATHS = NO;
				CLANG_ANALYZER_NONNULL = YES;
				CLANG_ANALYZER_NUMBER_OBJECT_CONVERSION = YES_AGGRESSIVE;
				CLANG_CXX_LANGUAGE_STANDARD = "gnu++17";
				CLANG_ENABLE_MODULES = YES;
				CLANG_ENABLE_OBJC_ARC = YES;
				CLANG_ENABLE_OBJC_WEAK = YES;
				CLANG_WARN_BLOCK_CAPTURE_AUTORELEASING = YES;
				CLANG_WARN_BOOL_CONVERSION = YES;
				CLANG_WARN_COMMA = YES;
				CLANG_WARN_CONSTANT_CONVERSION = YES;
				CLANG_WARN_DEPRECATED_OBJC_IMPLEMENTATIONS = YES;
				CLANG_WARN_DIRECT_OBJC_ISA_USAGE = YES_ERROR;
				CLANG_WARN_DOCUMENTATION_COMMENTS = YES;
				CLANG_WARN_EMPTY_BODY = YES;
				CLANG_WARN_ENUM_CONVERSION = YES;
				CLANG_WARN_INFINITE_RECURSION = YES;
				CLANG_WARN_INT_CONVERSION = YES;
				CLANG_WARN_NON_LITERAL_NULL_CONVERSION = YES;
				CLANG_WARN_OBJC_IMPLICIT_RETAIN_SELF = YES;
				CLANG_WARN_OBJC_LITERAL_CONVERSION = YES;
				CLANG_WARN_OBJC_ROOT_CLASS = YES_ERROR;
				CLANG_WARN_QUOTED_INCLUDE_IN_FRAMEWORK_HEADER = YES;
				CLANG_WARN_RANGE_LOOP_ANALYSIS = YES;
				CLANG_WARN_STRICT_PROTOTYPES = YES;
				CLANG_WARN_SUSPICIOUS_MOVE = YES;
				CLANG_WARN_UNGUARDED_AVAILABILITY = YES_AGGRESSIVE;
				CLANG_WARN_UNREACHABLE_CODE = YES;
				CLANG_WARN__DUPLICATE_METHOD_MATCH = YES;
				COPY_PHASE_STRIP = NO;
				DEBUG_INFORMATION_FORMAT = "dwarf-with-dsym";
				ENABLE_NS_ASSERTIONS = NO;
				ENABLE_STRICT_OBJC_MSGSEND = YES;
				GCC_C_LANGUAGE_STANDARD = gnu11;
				GCC_NO_COMMON_BLOCKS = YES;
				GCC_WARN_64_TO_32_BIT_CONVERSION = YES;
				GCC_WARN_ABOUT_RETURN_TYPE = YES_ERROR;
				GCC_WARN_UNDECLARED_SELECTOR = YES;
				GCC_WARN_UNINITIALIZED_AUTOS = YES_AGGRESSIVE;
				GCC_WARN_UNUSED_FUNCTION = YES;
				GCC_WARN_UNUSED_VARIABLE = YES;
				IPHONEOS_DEPLOYMENT_TARGET = 15.5;
				MTL_ENABLE_DEBUG_INFO = NO;
				MTL_FAST_MATH = YES;
				SDKROOT = iphoneos;
				SWIFT_COMPILATION_MODE = wholemodule;
				SWIFT_OPTIMIZATION_LEVEL = "-O";
				VALIDATE_PRODUCT = YES;
			};
			name = Release;
		};
		2143032E292F009F000E74D0 /* Debug */ = {
			isa = XCBuildConfiguration;
			buildSettings = {
				ASSETCATALOG_COMPILER_APPICON_NAME = AppIcon;
				ASSETCATALOG_COMPILER_GLOBAL_ACCENT_COLOR_NAME = AccentColor;
				CODE_SIGN_STYLE = Automatic;
				CURRENT_PROJECT_VERSION = 1;
				DEVELOPMENT_TEAM = Z47THZSTTV;
				GENERATE_INFOPLIST_FILE = YES;
				INFOPLIST_FILE = AssignmentFive/Info.plist;
				INFOPLIST_KEY_UIApplicationSupportsIndirectInputEvents = YES;
				INFOPLIST_KEY_UILaunchStoryboardName = LaunchScreen;
				INFOPLIST_KEY_UIMainStoryboardFile = Main;
				INFOPLIST_KEY_UISupportedInterfaceOrientations_iPad = "UIInterfaceOrientationPortrait UIInterfaceOrientationPortraitUpsideDown UIInterfaceOrientationLandscapeLeft UIInterfaceOrientationLandscapeRight";
				INFOPLIST_KEY_UISupportedInterfaceOrientations_iPhone = "UIInterfaceOrientationPortrait UIInterfaceOrientationLandscapeLeft UIInterfaceOrientationLandscapeRight";
				LD_RUNPATH_SEARCH_PATHS = (
					"$(inherited)",
					"@executable_path/Frameworks",
				);
				MARKETING_VERSION = 1.0;
				PRODUCT_BUNDLE_IDENTIFIER = UHWO.AssignmentFive;
				PRODUCT_NAME = "$(TARGET_NAME)";
				SWIFT_EMIT_LOC_STRINGS = YES;
				SWIFT_VERSION = 5.0;
				TARGETED_DEVICE_FAMILY = "1,2";
			};
			name = Debug;
		};
		2143032F292F009F000E74D0 /* Release */ = {
			isa = XCBuildConfiguration;
			buildSettings = {
				ASSETCATALOG_COMPILER_APPICON_NAME = AppIcon;
				ASSETCATALOG_COMPILER_GLOBAL_ACCENT_COLOR_NAME = AccentColor;
				CODE_SIGN_STYLE = Automatic;
				CURRENT_PROJECT_VERSION = 1;
				DEVELOPMENT_TEAM = Z47THZSTTV;
				GENERATE_INFOPLIST_FILE = YES;
				INFOPLIST_FILE = AssignmentFive/Info.plist;
				INFOPLIST_KEY_UIApplicationSupportsIndirectInputEvents = YES;
				INFOPLIST_KEY_UILaunchStoryboardName = LaunchScreen;
				INFOPLIST_KEY_UIMainStoryboardFile = Main;
				INFOPLIST_KEY_UISupportedInterfaceOrientations_iPad = "UIInterfaceOrientationPortrait UIInterfaceOrientationPortraitUpsideDown UIInterfaceOrientationLandscapeLeft UIInterfaceOrientationLandscapeRight";
				INFOPLIST_KEY_UISupportedInterfaceOrientations_iPhone = "UIInterfaceOrientationPortrait UIInterfaceOrientationLandscapeLeft UIInterfaceOrientationLandscapeRight";
				LD_RUNPATH_SEARCH_PATHS = (
					"$(inherited)",
					"@executable_path/Frameworks",
				);
				MARKETING_VERSION = 1.0;
				PRODUCT_BUNDLE_IDENTIFIER = UHWO.AssignmentFive;
				PRODUCT_NAME = "$(TARGET_NAME)";
				SWIFT_EMIT_LOC_STRINGS = YES;
				SWIFT_VERSION = 5.0;
				TARGETED_DEVICE_FAMILY = "1,2";
			};
			name = Release;
		};
		21430331292F009F000E74D0 /* Debug */ = {
			isa = XCBuildConfiguration;
			buildSettings = {
				ALWAYS_EMBED_SWIFT_STANDARD_LIBRARIES = YES;
				BUNDLE_LOADER = "$(TEST_HOST)";
				CODE_SIGN_STYLE = Automatic;
				CURRENT_PROJECT_VERSION = 1;
				DEVELOPMENT_TEAM = Z47THZSTTV;
				GENERATE_INFOPLIST_FILE = YES;
				IPHONEOS_DEPLOYMENT_TARGET = 15.5;
				MARKETING_VERSION = 1.0;
				PRODUCT_BUNDLE_IDENTIFIER = UHWO.AssignmentFiveTests;
				PRODUCT_NAME = "$(TARGET_NAME)";
				SWIFT_EMIT_LOC_STRINGS = NO;
				SWIFT_VERSION = 5.0;
				TARGETED_DEVICE_FAMILY = "1,2";
				TEST_HOST = "$(BUILT_PRODUCTS_DIR)/AssignmentFive.app/AssignmentFive";
			};
			name = Debug;
		};
		21430332292F009F000E74D0 /* Release */ = {
			isa = XCBuildConfiguration;
			buildSettings = {
				ALWAYS_EMBED_SWIFT_STANDARD_LIBRARIES = YES;
				BUNDLE_LOADER = "$(TEST_HOST)";
				CODE_SIGN_STYLE = Automatic;
				CURRENT_PROJECT_VERSION = 1;
				DEVELOPMENT_TEAM = Z47THZSTTV;
				GENERATE_INFOPLIST_FILE = YES;
				IPHONEOS_DEPLOYMENT_TARGET = 15.5;
				MARKETING_VERSION = 1.0;
				PRODUCT_BUNDLE_IDENTIFIER = UHWO.AssignmentFiveTests;
				PRODUCT_NAME = "$(TARGET_NAME)";
				SWIFT_EMIT_LOC_STRINGS = NO;
				SWIFT_VERSION = 5.0;
				TARGETED_DEVICE_FAMILY = "1,2";
				TEST_HOST = "$(BUILT_PRODUCTS_DIR)/AssignmentFive.app/AssignmentFive";
			};
			name = Release;
		};
		21430334292F009F000E74D0 /* Debug */ = {
			isa = XCBuildConfiguration;
			buildSettings = {
				ALWAYS_EMBED_SWIFT_STANDARD_LIBRARIES = YES;
				CODE_SIGN_STYLE = Automatic;
				CURRENT_PROJECT_VERSION = 1;
				DEVELOPMENT_TEAM = Z47THZSTTV;
				GENERATE_INFOPLIST_FILE = YES;
				MARKETING_VERSION = 1.0;
				PRODUCT_BUNDLE_IDENTIFIER = UHWO.AssignmentFiveUITests;
				PRODUCT_NAME = "$(TARGET_NAME)";
				SWIFT_EMIT_LOC_STRINGS = NO;
				SWIFT_VERSION = 5.0;
				TARGETED_DEVICE_FAMILY = "1,2";
				TEST_TARGET_NAME = AssignmentFive;
			};
			name = Debug;
		};
		21430335292F009F000E74D0 /* Release */ = {
			isa = XCBuildConfiguration;
			buildSettings = {
				ALWAYS_EMBED_SWIFT_STANDARD_LIBRARIES = YES;
				CODE_SIGN_STYLE = Automatic;
				CURRENT_PROJECT_VERSION = 1;
				DEVELOPMENT_TEAM = Z47THZSTTV;
				GENERATE_INFOPLIST_FILE = YES;
				MARKETING_VERSION = 1.0;
				PRODUCT_BUNDLE_IDENTIFIER = UHWO.AssignmentFiveUITests;
				PRODUCT_NAME = "$(TARGET_NAME)";
				SWIFT_EMIT_LOC_STRINGS = NO;
				SWIFT_VERSION = 5.0;
				TARGETED_DEVICE_FAMILY = "1,2";
				TEST_TARGET_NAME = AssignmentFive;
			};
			name = Release;
		};
/* End XCBuildConfiguration section */

/* Begin XCConfigurationList section */
		214302FE292F009E000E74D0 /* Build configuration list for PBXProject "AssignmentFive" */ = {
			isa = XCConfigurationList;
			buildConfigurations = (
				2143032B292F009F000E74D0 /* Debug */,
				2143032C292F009F000E74D0 /* Release */,
			);
			defaultConfigurationIsVisible = 0;
			defaultConfigurationName = Release;
		};
		2143032D292F009F000E74D0 /* Build configuration list for PBXNativeTarget "AssignmentFive" */ = {
			isa = XCConfigurationList;
			buildConfigurations = (
				2143032E292F009F000E74D0 /* Debug */,
				2143032F292F009F000E74D0 /* Release */,
			);
			defaultConfigurationIsVisible = 0;
			defaultConfigurationName = Release;
		};
		21430330292F009F000E74D0 /* Build configuration list for PBXNativeTarget "AssignmentFiveTests" */ = {
			isa = XCConfigurationList;
			buildConfigurations = (
				21430331292F009F000E74D0 /* Debug */,
				21430332292F009F000E74D0 /* Release */,
			);
			defaultConfigurationIsVisible = 0;
			defaultConfigurationName = Release;
		};
		21430333292F009F000E74D0 /* Build configuration list for PBXNativeTarget "AssignmentFiveUITests" */ = {
			isa = XCConfigurationList;
			buildConfigurations = (
				21430334292F009F000E74D0 /* Debug */,
				21430335292F009F000E74D0 /* Release */,
			);
			defaultConfigurationIsVisible = 0;
			defaultConfigurationName = Release;
		};
/* End XCConfigurationList section */
	};
	rootObject = 214302FB292F009E000E74D0 /* Project object */;
}
